{
  "nodes": {
    "argononed": {
      "flake": false,
      "locked": {
        "lastModified": 1729566243,
        "narHash": "sha256-DPNI0Dpk5aym3Baf5UbEe5GENDrSmmXVdriRSWE+rgk=",
        "owner": "nvmd",
        "repo": "argononed",
        "rev": "16dbee54d49b66d5654d228d1061246b440ef7cf",
        "type": "github"
      },
      "original": {
        "owner": "nvmd",
        "repo": "argononed",
        "type": "github"
      }
    },
    "base16": {
      "inputs": {
        "fromYaml": "fromYaml"
      },
      "locked": {
        "lastModified": 1755819240,
        "narHash": "sha256-qcMhnL7aGAuFuutH4rq9fvAhCpJWVHLcHVZLtPctPlo=",
        "owner": "SenchoPens",
        "repo": "base16.nix",
        "rev": "75ed5e5e3fce37df22e49125181fa37899c3ccd6",
        "type": "github"
      },
      "original": {
        "owner": "SenchoPens",
        "repo": "base16.nix",
        "type": "github"
      }
    },
    "base16-fish": {
      "flake": false,
      "locked": {
        "lastModified": 1765809053,
        "narHash": "sha256-XCUQLoLfBJ8saWms2HCIj4NEN+xNsWBlU1NrEPcQG4s=",
        "owner": "tomyun",
        "repo": "base16-fish",
        "rev": "86cbea4dca62e08fb7fd83a70e96472f92574782",
        "type": "github"
      },
      "original": {
        "owner": "tomyun",
        "repo": "base16-fish",
        "rev": "86cbea4dca62e08fb7fd83a70e96472f92574782",
        "type": "github"
      }
    },
    "base16-helix": {
      "flake": false,
      "locked": {
        "lastModified": 1776754714,
        "narHash": "sha256-E3OAK27smtATTmX45uoTSRsVD+Y+ZiVVfgM/tjpbtYg=",
        "owner": "tinted-theming",
        "repo": "base16-helix",
        "rev": "4d508123037e7851ad36ebf7d9c48b0e9e1eb581",
        "type": "github"
      },
      "original": {
        "owner": "tinted-theming",
        "repo": "base16-helix",
        "type": "github"
      }
    },
    "base16-vim": {
      "flake": false,
      "locked": {
        "lastModified": 1732806396,
        "narHash": "sha256-e0bpPySdJf0F68Ndanwm+KWHgQiZ0s7liLhvJSWDNsA=",
        "owner": "tinted-theming",
        "repo": "base16-vim",
        "rev": "577fe8125d74ff456cf942c733a85d769afe58b7",
        "type": "github"
      },
      "original": {
        "owner": "tinted-theming",
        "repo": "base16-vim",
        "rev": "577fe8125d74ff456cf942c733a85d769afe58b7",
        "type": "github"
      }
    },
    "catppuccin": {
      "inputs": {
        "nixpkgs": [
          "nixpkgs"
        ]
      },
      "locked": {
        "lastModified": 1784366307,
        "narHash": "sha256-VKatYOZwLQ+MuNkWH6/gZYxrNeSK1Mqb7mC0H1WSu+M=",
        "owner": "catppuccin",
        "repo": "nix",
        "rev": "673f730d0fc8db3468c51575f1d3d777cc55e51f",
        "type": "github"
      },
      "original": {
        "owner": "catppuccin",
        "repo": "nix",
        "type": "github"
      }
    },
    "catppuccin-vsc": {
      "inputs": {
        "nixpkgs": [
          "garuda",
          "nixpkgs"
        ]
      },
      "locked": {
        "lastModified": 1777714413,
        "narHash": "sha256-HUXRGK10A3YIU6ksTfzOzQvM5J699lJikndlYUgrkRA=",
        "owner": "catppuccin",
        "repo": "vscode",
        "rev": "befc9e6fc41980f4241408f7049755d47c06ff45",
        "type": "github"
      },
      "original": {
        "owner": "catppuccin",
        "repo": "vscode",
        "type": "github"
      }
    },
    "catppuccin_2": {
      "inputs": {
        "nixpkgs": [
          "garuda",
          "nixpkgs"
        ]
      },
      "locked": {
        "lastModified": 1784366307,
        "narHash": "sha256-VKatYOZwLQ+MuNkWH6/gZYxrNeSK1Mqb7mC0H1WSu+M=",
        "owner": "catppuccin",
        "repo": "nix",
        "rev": "673f730d0fc8db3468c51575f1d3d777cc55e51f",
        "type": "github"
      },
      "original": {
        "owner": "catppuccin",
        "repo": "nix",
        "type": "github"
      }
    },
    "crane": {
      "locked": {
        "lastModified": 1772080396,
        "narHash": "sha256-84W9UNtSk9DNMh43WBkOjpkbfODlmg+RDi854PnNgLE=",
        "owner": "ipetkov",
        "repo": "crane",
        "rev": "8525580bc0316c39dbfa18bd09a1331e98c9e463",
        "type": "github"
      },
      "original": {
        "owner": "ipetkov",
        "repo": "crane",
        "type": "github"
      }
    },
    "determinate": {
      "inputs": {
        "determinate-nixd-aarch64-darwin": "determinate-nixd-aarch64-darwin",
        "determinate-nixd-aarch64-linux": "determinate-nixd-aarch64-linux",
        "determinate-nixd-x86_64-linux": "determinate-nixd-x86_64-linux",
        "nix": "nix",
        "nixpkgs": [
          "nixpkgs"
        ]
      },
      "locked": {
        "lastModified": 1784134975,
        "narHash": "sha256-OPK60XYJEwUmnI5eeF2sCJBJzm0JWt+tzCDHI69yvKU=",
        "rev": "e2a0eb345bf5d9c2ac0d2df26907e0881b99d6a3",
        "revCount": 428,
        "type": "tarball",
        "url": "https://api.flakehub.com/f/pinned/DeterminateSystems/determinate/3.21.7/019f66be-e2c8-7c52-b302-e6083daf3014/source.tar.gz"
      },
      "original": {
        "type": "tarball",
        "url": "https://flakehub.com/f/DeterminateSystems/determinate/%2A"
      }
    },
    "determinate-nixd-aarch64-darwin": {
      "flake": false,
      "locked": {
        "narHash": "sha256-GNBW3JQlaPp5QIvUSZnMfSbPhdEIWI5AQ4wiga/pb14=",
        "type": "file",
        "url": "https://install.determinate.systems/determinate-nixd/tag/v3.21.7/macOS"
      },
      "original": {
        "type": "file",
        "url": "https://install.determinate.systems/determinate-nixd/tag/v3.21.7/macOS"
      }
    },
    "determinate-nixd-aarch64-linux": {
      "flake": false,
      "locked": {
        "narHash": "sha256-/lYx8SGAuuNw0V1nlhyuRym3tkZAH+Oj1/CUdzgz0+s=",
        "type": "file",
        "url": "https://install.determinate.systems/determinate-nixd/tag/v3.21.7/aarch64-linux"
      },
      "original": {
        "type": "file",
        "url": "https://install.determinate.systems/determinate-nixd/tag/v3.21.7/aarch64-linux"
      }
    },
    "determinate-nixd-x86_64-linux": {
      "flake": false,
      "locked": {
        "narHash": "sha256-3JrcXRdrFvWsll/cnPLxSjrud5z6iRpxWGv1f44Tfkg=",
        "type": "file",
        "url": "https://install.determinate.systems/determinate-nixd/tag/v3.21.7/x86_64-linux"
      },
      "original": {
        "type": "file",
        "url": "https://install.determinate.systems/determinate-nixd/tag/v3.21.7/x86_64-linux"
      }
    },
    "devshell": {
      "inputs": {
        "nixpkgs": "nixpkgs_2"
      },
      "locked": {
        "lastModified": 1768818222,
        "narHash": "sha256-460jc0+CZfyaO8+w8JNtlClB2n4ui1RbHfPTLkpwhU8=",
        "owner": "numtide",
        "repo": "devshell",
        "rev": "255a2b1725a20d060f566e4755dbf571bbbb5f76",
        "type": "github"
      },
      "original": {
        "owner": "numtide",
        "repo": "devshell",
        "type": "github"
      }
    },
    "disko": {
      "inputs": {
        "nixpkgs": [
          "nixpkgs"
        ]
      },
      "locked": {
        "lastModified": 1781152676,
        "narHash": "sha256-RxWs5ND31KzTG7wvMM+PMfUjyNpmIEr999lqNARaM5o=",
        "owner": "nix-community",
        "repo": "disko",
        "rev": "ff8702b4de27f72b4c78573dfb89ec74e36abdf1",
        "type": "github"
      },
      "original": {
        "owner": "nix-community",
        "repo": "disko",
        "type": "github"
      }
    },
    "firefox-addons": {
      "inputs": {
        "nixpkgs": [
          "nixpkgs"
        ]
      },
      "locked": {
        "dir": "pkgs/firefox-addons",
        "lastModified": 1784402804,
        "narHash": "sha256-NKjHErNuyO2x+YBUNOJy/8uKXfuMX60SLFuvZiMYdA8=",
        "owner": "rycee",
        "repo": "nur-expressions",
        "rev": "775bd8e526823ab58efe5d1fc269f2a60c3de2c1",
        "type": "gitlab"
      },
      "original": {
        "dir": "pkgs/firefox-addons",
        "owner": "rycee",
        "repo": "nur-expressions",
        "type": "gitlab"
      }
    },
    "firefox-gnome-theme": {
      "flake": false,
      "locked": {
        "lastModified": 1779670703,
        "narHash": "sha256-UdfMivNMwCCqQsYDg5pSz8X2IOaOrIZLIIy+Bg3CO2o=",
        "owner": "rafaelmardojai",
        "repo": "firefox-gnome-theme",
        "rev": "942159e73e40bf785816f7f1f5feed9ef3d7c8f9",
        "type": "github"
      },
      "original": {
        "owner": "rafaelmardojai",
        "repo": "firefox-gnome-theme",
        "type": "github"
      }
    },
    "flake-compat": {
      "flake": false,
      "locked": {
        "lastModified": 1696426674,
        "narHash": "sha256-kvjfFW7WAETZlt09AgDn1MrtKzP7t90Vf7vypd3OL1U=",
        "owner": "edolstra",
        "repo": "flake-compat",
        "rev": "0f9255e01c2351cc7d116c072cb317785dd33b33",
        "type": "github"
      },
      "original": {
        "owner": "edolstra",
        "repo": "flake-compat",
        "type": "github"
      }
    },
    "flake-compat_2": {
      "locked": {
        "lastModified": 1767039857,
        "narHash": "sha256-vNpUSpF5Nuw8xvDLj2KCwwksIbjua2LZCqhV1LNRDns=",
        "owner": "NixOS",
        "repo": "flake-compat",
        "rev": "5edf11c44bc78a0d334f6334cdaf7d60d732daab",
        "type": "github"
      },
      "original": {
        "owner": "NixOS",
        "repo": "flake-compat",
        "type": "github"
      }
    },
    "flake-compat_3": {
      "locked": {
        "lastModified": 1767039857,
        "narHash": "sha256-vNpUSpF5Nuw8xvDLj2KCwwksIbjua2LZCqhV1LNRDns=",
        "owner": "edolstra",
        "repo": "flake-compat",
        "rev": "5edf11c44bc78a0d334f6334cdaf7d60d732daab",
        "type": "github"
      },
      "original": {
        "owner": "edolstra",
        "repo": "flake-compat",
        "type": "github"
      }
    },
    "flake-parts": {
      "inputs": {
        "nixpkgs-lib": [
          "determinate",
          "nix",
          "nixpkgs"
        ]
      },
      "locked": {
        "lastModified": 1748821116,
        "narHash": "sha256-F82+gS044J1APL0n4hH50GYdPRv/5JWm34oCJYmVKdE=",
        "rev": "49f0870db23e8c1ca0b5259734a02cd9e1e371a1",
        "revCount": 377,
        "type": "tarball",
        "url": "https://api.flakehub.com/f/pinned/hercules-ci/flake-parts/0.1.377%2Brev-49f0870db23e8c1ca0b5259734a02cd9e1e371a1/01972f28-554a-73f8-91f4-d488cc502f08/source.tar.gz"
      },
      "original": {
        "type": "tarball",
        "url": "https://flakehub.com/f/hercules-ci/flake-parts/0.1"
      }
    },
    "flake-parts_2": {
      "inputs": {
        "nixpkgs-lib": [
          "nixpkgs"
        ]
      },
      "locked": {
        "lastModified": 1782949081,
        "narHash": "sha256-vp6Y/Grm98ESt6ceOkWiHWyZRDV3J1RID4w+6NWK9yA=",
        "owner": "hercules-ci",
        "repo": "flake-parts",
        "rev": "17c9d6cdfc60c64f4ee8d306f9bc0b4ccb51481e",
        "type": "github"
      },
      "original": {
        "owner": "hercules-ci",
        "repo": "flake-parts",
        "type": "github"
      }
    },
    "flake-utils": {
      "inputs": {
        "systems": "systems_2"
      },
      "locked": {
        "lastModified": 1731533236,
        "narHash": "sha256-l0KFg5HjrsfsO/JpG+r7fRrqm12kzFHyUHqHCVpMMbI=",
        "owner": "numtide",
        "repo": "flake-utils",
        "rev": "11707dc2f618dd54ca8739b309ec4fc024de578b",
        "type": "github"
      },
      "original": {
        "owner": "numtide",
        "repo": "flake-utils",
        "type": "github"
      }
    },
    "fromYaml": {
      "flake": false,
      "locked": {
        "lastModified": 1731966426,
        "narHash": "sha256-lq95WydhbUTWig/JpqiB7oViTcHFP8Lv41IGtayokA8=",
        "owner": "SenchoPens",
        "repo": "fromYaml",
        "rev": "106af9e2f715e2d828df706c386a685698f3223b",
        "type": "github"
      },
      "original": {
        "owner": "SenchoPens",
        "repo": "fromYaml",
        "type": "github"
      }
    },
    "garuda": {
      "inputs": {
        "catppuccin": "catppuccin_2",
        "catppuccin-vsc": "catppuccin-vsc",
        "devshell": "devshell",
        "flake-compat": "flake-compat_3",
        "flake-parts": [
          "flake-parts"
        ],
        "git-hooks": "git-hooks",
        "gitignore": "gitignore",
        "home-manager": [
          "home-manager"
        ],
        "nix-index-database": [
          "nix-index-database"
        ],
        "nixpkgs": [
          "nixpkgs"
        ],
        "treefmt-nix": "treefmt-nix"
      },
      "locked": {
        "lastModified": 1784433944,
        "narHash": "sha256-PC6bDPHP2Rp/KsNx1Y4SMMJYGgUE/asjv/P1CSLE2dI=",
        "owner": "garuda-linux",
        "repo": "garuda-nix-subsystem",
        "rev": "209ea4cfe6dc34760f6dfe8dcfd3ec6b56cb35df",
        "type": "gitlab"
      },
      "original": {
        "owner": "garuda-linux",
        "ref": "stable",
        "repo": "garuda-nix-subsystem",
        "type": "gitlab"
      }
    },
    "git-hooks": {
      "inputs": {
        "flake-compat": [
          "garuda",
          "flake-compat"
        ],
        "nixpkgs": [
          "garuda",
          "nixpkgs"
        ]
      },
      "locked": {
        "lastModified": 1784288435,
        "narHash": "sha256-ReRHaLgr/uVqdD8afFSn+myXIfpHeOhP0yYe0TJqAA8=",
        "owner": "cachix",
        "repo": "git-hooks.nix",
        "rev": "43b3c1ab9d40fb1dbb008f451988a91e375825e9",
        "type": "github"
      },
      "original": {
        "owner": "cachix",
        "repo": "git-hooks.nix",
        "type": "github"
      }
    },
    "git-hooks-nix": {
      "inputs": {
        "flake-compat": "flake-compat",
        "gitignore": [
          "determinate",
          "nix"
        ],
        "nixpkgs": [
          "determinate",
          "nix",
          "nixpkgs"
        ]
      },
      "locked": {
        "lastModified": 1747372754,
        "narHash": "sha256-2Y53NGIX2vxfie1rOW0Qb86vjRZ7ngizoo+bnXU9D9k=",
        "rev": "80479b6ec16fefd9c1db3ea13aeb038c60530f46",
        "revCount": 1026,
        "type": "tarball",
        "url": "https://api.flakehub.com/f/pinned/cachix/git-hooks.nix/0.1.1026%2Brev-80479b6ec16fefd9c1db3ea13aeb038c60530f46/0196d79a-1b35-7b8e-a021-c894fb62163d/source.tar.gz"
      },
      "original": {
        "type": "tarball",
        "url": "https://flakehub.com/f/cachix/git-hooks.nix/0.1.941"
      }
    },
    "gitignore": {
      "inputs": {
        "nixpkgs": [
          "garuda",
          "nixpkgs"
        ]
      },
      "locked": {
        "lastModified": 1762808025,
        "narHash": "sha256-XmjITeZNMTQXGhhww6ed/Wacy2KzD6svioyCX7pkUu4=",
        "owner": "hercules-ci",
        "repo": "gitignore.nix",
        "rev": "cb5e3fdca1de58ccbc3ef53de65bd372b48f567c",
        "type": "github"
      },
      "original": {
        "owner": "hercules-ci",
        "repo": "gitignore.nix",
        "type": "github"
      }
    },
    "gnome-shell": {
      "flake": false,
      "locked": {
        "lastModified": 1767737596,
        "narHash": "sha256-eFujfIUQDgWnSJBablOuG+32hCai192yRdrNHTv0a+s=",
        "owner": "GNOME",
        "repo": "gnome-shell",
        "rev": "ef02db02bf0ff342734d525b5767814770d85b49",
        "type": "github"
      },
      "original": {
        "owner": "GNOME",
        "repo": "gnome-shell",
        "rev": "ef02db02bf0ff342734d525b5767814770d85b49",
        "type": "github"
      }
    },
    "home-manager": {
      "inputs": {
        "nixpkgs": [
          "nixpkgs"
        ]
      },
      "locked": {
        "lastModified": 1784407317,
        "narHash": "sha256-iZrxHToDJWnvt+5LGAtvuQMTy1NZYlNEKbKaVtBJNcc=",
        "owner": "nix-community",
        "repo": "home-manager",
        "rev": "39411a8e12a5526d992e65bc7e3dc9a4414d6713",
        "type": "github"
      },
      "original": {
        "owner": "nix-community",
        "repo": "home-manager",
        "type": "github"
      }
    },
    "import-tree": {
      "locked": {
        "lastModified": 1784254960,
        "narHash": "sha256-iI88R3wHz8wTKQb5orvpc51L/Xr64AJyxid/0MKa/b8=",
        "owner": "vic",
        "repo": "import-tree",
        "rev": "4ebb10ae17d5f1ad366e7aef5b92cb8eecf24f69",
        "type": "github"
      },
      "original": {
        "owner": "vic",
        "repo": "import-tree",
        "type": "github"
      }
    },
    "mnw": {
      "locked": {
        "lastModified": 1776530647,
        "narHash": "sha256-AHM3wNuC5zzGaygnovHqFUI0YJR1Jj7ZgK9D9m7cgMQ=",
        "owner": "Gerg-L",
        "repo": "mnw",
        "rev": "54f7ad6e34f4e44e0260a5140af7726a4792dece",
        "type": "github"
      },
      "original": {
        "owner": "Gerg-L",
        "repo": "mnw",
        "type": "github"
      }
    },
    "nix": {
      "inputs": {
        "flake-parts": "flake-parts",
        "git-hooks-nix": "git-hooks-nix",
        "nixpkgs": "nixpkgs",
        "nixpkgs-23-11": "nixpkgs-23-11",
        "nixpkgs-regression": "nixpkgs-regression"
      },
      "locked": {
        "lastModified": 1784130988,
        "narHash": "sha256-2/DfNkCVKAv/Zbj7bW+8+aH39Ybc5DE3OEUZCEzzqc4=",
        "rev": "469a08e76a130e51b7a9f5df1fcc48b7d4d4cd42",
        "revCount": 26267,
        "type": "tarball",
        "url": "https://api.flakehub.com/f/pinned/DeterminateSystems/nix-src/3.21.7/019f66b5-938d-7930-9213-03e0658b3403/source.tar.gz"
      },
      "original": {
        "type": "tarball",
        "url": "https://flakehub.com/f/DeterminateSystems/nix-src/%2A"
      }
    },
    "nix-index-database": {
      "inputs": {
        "nixpkgs": [
          "nixpkgs"
        ]
      },
      "locked": {
        "lastModified": 1784440659,
        "narHash": "sha256-Q5kNLlWngt7TaIIZoxDKWMHjiSaNRVqr70FqWCRRfr4=",
        "owner": "nix-community",
        "repo": "nix-index-database",
        "rev": "4f8d52a3598b0dc7db7a5e7b419e3edd9d1ecfdb",
        "type": "github"
      },
      "original": {
        "owner": "nix-community",
        "repo": "nix-index-database",
        "type": "github"
      }
    },
    "nix-secrets": {
      "inputs": {
        "nixpkgs": [
          "nixpkgs"
        ]
      },
      "locked": {
        "lastModified": 1784144133,
        "narHash": "sha256-heBDVsXZaFzFZNssP7kvX2j052irJJoaCSMiMj6RCCg=",
        "ref": "main",
        "rev": "2a470c761930e6bb5e7f4d92f3f0f83f8ec85862",
        "shallow": true,
        "type": "git",
        "url": "ssh://git@codeberg.org/Tw1ZZLER/nix-secrets.git"
      },
      "original": {
        "ref": "main",
        "shallow": true,
        "type": "git",
        "url": "ssh://git@codeberg.org/Tw1ZZLER/nix-secrets.git"
      }
    },
    "nix-vm-test": {
      "inputs": {
        "nixpkgs": [
          "nixos-anywhere",
          "nixpkgs"
        ]
      },
      "locked": {
        "lastModified": 1783265394,
        "narHash": "sha256-cq4YfNFGYzp0NItZP8tEC7xUI8OSgY4fj75AU/NSaPM=",
        "owner": "numtide",
        "repo": "nix-vm-test",
        "rev": "1a587212d2ac8b669c6c32499015f996506b6ba5",
        "type": "github"
      },
      "original": {
        "owner": "numtide",
        "repo": "nix-vm-test",
        "type": "github"
      }
    },
    "nix-xilinx": {
      "inputs": {
        "flake-compat": [
          "flake-compat"
        ],
        "nixpkgs": [
          "nixpkgs"
        ]
      },
      "locked": {
        "lastModified": 1779767775,
        "narHash": "sha256-mdLZTDbiF/1lE1AN/4iErWm3iE1dAA4Ei8/7fIiARNc=",
        "owner": "MIT-OpenCompute",
        "repo": "xilinx-flake",
        "rev": "9db6ae866effad1c0f6ad960c4a0605c3c16208a",
        "type": "github"
      },
      "original": {
        "owner": "MIT-OpenCompute",
        "repo": "xilinx-flake",
        "type": "github"
      }
    },
    "nixcord": {
      "inputs": {
        "flake-compat": [
          "flake-compat"
        ],
        "flake-parts": [
          "flake-parts"
        ],
        "nixpkgs": [
          "nixpkgs"
        ],
        "nixpkgs-nixcord": "nixpkgs-nixcord"
      },
      "locked": {
        "lastModified": 1784432860,
        "narHash": "sha256-WiiNKTk1ZO2VxpRRtW/pyWn1bR0WiavwAlWoROv5eSA=",
        "owner": "FlameFlag",
        "repo": "nixcord",
        "rev": "0385105776e6165732e4db19a54891210813ed83",
        "type": "github"
      },
      "original": {
        "owner": "FlameFlag",
        "repo": "nixcord",
        "type": "github"
      }
    },
    "nixos-anywhere": {
      "inputs": {
        "disko": [
          "disko"
        ],
        "nix-vm-test": "nix-vm-test",
        "nixos-images": "nixos-images",
        "nixos-stable": "nixos-stable",
        "nixpkgs": [
          "nixpkgs"
        ],
        "treefmt-nix": "treefmt-nix_2"
      },
      "locked": {
        "lastModified": 1784099966,
        "narHash": "sha256-h+q9j0ivHhll0sXIPCuJJ+Ivcqh7QDL8eulVUl+CqTQ=",
        "owner": "nix-community",
        "repo": "nixos-anywhere",
        "rev": "7239104f1a38546b999cd817658407d80f56e7db",
        "type": "github"
      },
      "original": {
        "owner": "nix-community",
        "repo": "nixos-anywhere",
        "type": "github"
      }
    },
    "nixos-images": {
      "inputs": {
        "nixos-stable": [
          "nixos-anywhere",
          "nixos-stable"
        ],
        "nixos-unstable": [
          "nixos-anywhere",
          "nixpkgs"
        ]
      },
      "locked": {
        "lastModified": 1783593136,
        "narHash": "sha256-zy5an02BdZ65OgVKdRkz2TpbdBrsW+uQD7AA2wLuiTM=",
        "owner": "nix-community",
        "repo": "nixos-images",
        "rev": "803f28511c7d5f39f2537c342122fd94b8e1d519",
        "type": "github"
      },
      "original": {
        "owner": "nix-community",
        "repo": "nixos-images",
        "type": "github"
      }
    },
    "nixos-images_2": {
      "inputs": {
        "nixos-stable": [
          "nixos-raspberrypi",
          "nixpkgs"
        ],
        "nixos-unstable": [
          "nixos-raspberrypi",
          "nixpkgs"
        ]
      },
      "locked": {
        "lastModified": 1747747741,
        "narHash": "sha256-LUOH27unNWbGTvZFitHonraNx0JF/55h30r9WxqrznM=",
        "owner": "nvmd",
        "repo": "nixos-images",
        "rev": "cbbd6db325775096680b65e2a32fb6187c09bbb4",
        "type": "github"
      },
      "original": {
        "owner": "nvmd",
        "ref": "sdimage-installer",
        "repo": "nixos-images",
        "type": "github"
      }
    },
    "nixos-raspberrypi": {
      "inputs": {
        "argononed": "argononed",
        "flake-compat": [
          "flake-compat"
        ],
        "nixos-images": "nixos-images_2",
        "nixpkgs": "nixpkgs_3"
      },
      "locked": {
        "lastModified": 1783459375,
        "narHash": "sha256-S2pb+Mtv0qTeRr+6J5ESgelNjG2YKl4WqKjdPrJx5rM=",
        "owner": "nvmd",
        "repo": "nixos-raspberrypi",
        "rev": "c845922f260b306d4529a4535bbb6e7f8cfe2887",
        "type": "github"
      },
      "original": {
        "owner": "nvmd",
        "ref": "main",
        "repo": "nixos-raspberrypi",
        "type": "github"
      }
    },
    "nixos-stable": {
      "locked": {
        "lastModified": 1784011430,
        "narHash": "sha256-lDebytrYdd47IBLwvNOD+6AGeoqZ78CIKlp70hzW280=",
        "owner": "NixOS",
        "repo": "nixpkgs",
        "rev": "8eeec934ae0dbeca3d7868c059568a65c08b2fc3",
        "type": "github"
      },
      "original": {
        "owner": "NixOS",
        "ref": "nixos-26.05",
        "repo": "nixpkgs",
        "type": "github"
      }
    },
    "nixpkgs": {
      "locked": {
        "lastModified": 1782767157,
        "narHash": "sha256-db/8NgfehQlPNt8rMY0J1gvwzTaURU/foM7y/AQimIM=",
        "rev": "1d4e0f865d68258aada31e68e6d79c8c463f3b34",
        "revCount": 914302,
        "type": "tarball",
        "url": "https://api.flakehub.com/f/pinned/NixOS/nixpkgs/0.2511.914302%2Brev-1d4e0f865d68258aada31e68e6d79c8c463f3b34/019f1c78-b5ab-7af2-8516-c0d5406b0646/source.tar.gz"
      },
      "original": {
        "type": "tarball",
        "url": "https://flakehub.com/f/NixOS/nixpkgs/0.2511"
      }
    },
    "nixpkgs-23-11": {
      "locked": {
        "lastModified": 1717159533,
        "narHash": "sha256-oamiKNfr2MS6yH64rUn99mIZjc45nGJlj9eGth/3Xuw=",
        "owner": "NixOS",
        "repo": "nixpkgs",
        "rev": "a62e6edd6d5e1fa0329b8653c801147986f8d446",
        "type": "github"
      },
      "original": {
        "owner": "NixOS",
        "repo": "nixpkgs",
        "rev": "a62e6edd6d5e1fa0329b8653c801147986f8d446",
        "type": "github"
      }
    },
    "nixpkgs-nixcord": {
      "locked": {
        "lastModified": 1782999065,
        "narHash": "sha256-5Dgj5+pIQYZKrXUGaLCk7CKfN3MmpwIhO94++WVxvng=",
        "owner": "NixOS",
        "repo": "nixpkgs",
        "rev": "80d591ed473cfc46329932c2aadac9b435342c7c",
        "type": "github"
      },
      "original": {
        "owner": "NixOS",
        "ref": "nixos-26.05",
        "repo": "nixpkgs",
        "type": "github"
      }
    },
    "nixpkgs-regression": {
      "locked": {
        "lastModified": 1643052045,
        "narHash": "sha256-uGJ0VXIhWKGXxkeNnq4TvV3CIOkUJ3PAoLZ3HMzNVMw=",
        "owner": "NixOS",
        "repo": "nixpkgs",
        "rev": "215d4d0fd80ca5163643b03a33fde804a29cc1e2",
        "type": "github"
      },
      "original": {
        "owner": "NixOS",
        "repo": "nixpkgs",
        "rev": "215d4d0fd80ca5163643b03a33fde804a29cc1e2",
        "type": "github"
      }
    },
    "nixpkgs_2": {
      "locked": {
        "lastModified": 1762156382,
        "narHash": "sha256-Yg7Ag7ov5+36jEFC1DaZh/12SEXo6OO3/8rqADRxiqs=",
        "owner": "NixOS",
        "repo": "nixpkgs",
        "rev": "7241bcbb4f099a66aafca120d37c65e8dda32717",
        "type": "github"
      },
      "original": {
        "owner": "NixOS",
        "ref": "nixpkgs-unstable",
        "repo": "nixpkgs",
        "type": "github"
      }
    },
    "nixpkgs_3": {
      "locked": {
        "lastModified": 1782847189,
        "narHash": "sha256-twXPFqFsrrY5r28Zh7Homgcp2gUMBgQ6WDS98Q/3xFI=",
        "owner": "NixOS",
        "repo": "nixpkgs",
        "rev": "b6018f87da91d19d0ab4cf979885689b469cdd41",
        "type": "github"
      },
      "original": {
        "owner": "NixOS",
        "ref": "nixos-25.11",
        "repo": "nixpkgs",
        "type": "github"
      }
    },
    "nixpkgs_4": {
      "locked": {
        "lastModified": 1784356753,
        "narHash": "sha256-12KrbMiWLcf8m7pCvAtZh1ZrgF85ZXDXvfR/fWTKy84=",
        "owner": "NixOS",
        "repo": "nixpkgs",
        "rev": "61b7c44c4073f0b827768aff0049561b5110ea5a",
        "type": "github"
      },
      "original": {
        "owner": "NixOS",
        "ref": "nixos-unstable",
        "repo": "nixpkgs",
        "type": "github"
      }
    },
    "nixpkgs_5": {
      "locked": {
        "lastModified": 1784356753,
        "narHash": "sha256-zupdTm41be2fY8cexroEOGjopl3F2Gqs3gk7ieqaM3s=",
        "rev": "61b7c44c4073f0b827768aff0049561b5110ea5a",
        "type": "tarball",
        "url": "https://releases.nixos.org/nixos/unstable/nixos-26.11pre1036777.61b7c44c4073/nixexprs.tar.xz"
      },
      "original": {
        "type": "tarball",
        "url": "https://channels.nixos.org/nixos-unstable/nixexprs.tar.xz"
      }
    },
    "noctalia": {
      "inputs": {
        "nixpkgs": "nixpkgs_5"
      },
      "locked": {
        "lastModified": 1784430650,
        "narHash": "sha256-N7cwX7wpUA4k2rpNkkEKrhr2DUhFWvGxTgz9Q+8rOLY=",
        "owner": "noctalia-dev",
        "repo": "noctalia",
        "rev": "1b0d7ae454a6d09a5f2cc2097274173424139b41",
        "type": "github"
      },
      "original": {
        "owner": "noctalia-dev",
        "ref": "cachix",
        "repo": "noctalia",
        "type": "github"
      }
    },
    "nur": {
      "inputs": {
        "flake-parts": [
          "stylix",
          "flake-parts"
        ],
        "nixpkgs": [
          "stylix",
          "nixpkgs"
        ]
      },
      "locked": {
        "lastModified": 1780281641,
        "narHash": "sha256-M/+hUKoKbHXpV0xGVfELbN1Ds1aoe3pL5p5/t46YhVo=",
        "owner": "nix-community",
        "repo": "NUR",
        "rev": "30f9ae2f04174de63ba8bcf3580ca90843b28a01",
        "type": "github"
      },
      "original": {
        "owner": "nix-community",
        "repo": "NUR",
        "type": "github"
      }
    },
    "pano-scrobbler": {
      "inputs": {
        "nixpkgs": [
          "nixpkgs"
        ]
      },
      "locked": {
        "lastModified": 1783916267,
        "narHash": "sha256-uAyDHB+uULH8IFBtpvoSeT7Uyc12MNSHZY33APYclxI=",
        "owner": "kawaiiDango",
        "repo": "pano-scrobbler-flake",
        "rev": "cd89ea6e2463421e8a8a9341723e9acde37023d8",
        "type": "github"
      },
      "original": {
        "owner": "kawaiiDango",
        "repo": "pano-scrobbler-flake",
        "type": "github"
      }
    },
    "reaper-flake": {
      "inputs": {
        "flake-parts": [
          "flake-parts"
        ],
        "nixpkgs": [
          "nixpkgs"
        ]
      },
      "locked": {
        "lastModified": 1784402879,
        "narHash": "sha256-+HknjWJ56V77sr+aidYcKr63HDpConMKUaYkUEON0RE=",
        "owner": "9Prestidigitator",
        "repo": "reaper-flake",
        "rev": "4575eb35f5bed02e39e57f6e6385cf0a4f4e0902",
        "type": "github"
      },
      "original": {
        "owner": "9Prestidigitator",
        "repo": "reaper-flake",
        "type": "github"
      }
    },
    "root": {
      "inputs": {
        "catppuccin": "catppuccin",
        "determinate": "determinate",
        "disko": "disko",
        "firefox-addons": "firefox-addons",
        "flake-compat": "flake-compat_2",
        "flake-parts": "flake-parts_2",
        "garuda": "garuda",
        "home-manager": "home-manager",
        "import-tree": "import-tree",
        "nix-index-database": "nix-index-database",
        "nix-secrets": "nix-secrets",
        "nix-xilinx": "nix-xilinx",
        "nixcord": "nixcord",
        "nixos-anywhere": "nixos-anywhere",
        "nixos-raspberrypi": "nixos-raspberrypi",
        "nixpkgs": "nixpkgs_4",
        "noctalia": "noctalia",
        "pano-scrobbler": "pano-scrobbler",
        "reaper-flake": "reaper-flake",
        "sops-nix": "sops-nix",
        "stylix": "stylix",
        "twintail-launcher": "twintail-launcher",
        "vimridian": "vimridian",
        "waveforms": "waveforms",
        "zen-browser": "zen-browser"
      }
    },
    "rust-overlay": {
      "inputs": {
        "nixpkgs": [
          "twintail-launcher",
          "nixpkgs"
        ]
      },
      "locked": {
        "lastModified": 1772075164,
        "narHash": "sha256-93XcvAt+6p7aAq1ERlxD2T17zLGoYGo64KJYasGcpgc=",
        "owner": "oxalica",
        "repo": "rust-overlay",
        "rev": "07601339b15fa6810541c0e7dc2f3664d92a7ad0",
        "type": "github"
      },
      "original": {
        "owner": "oxalica",
        "repo": "rust-overlay",
        "type": "github"
      }
    },
    "sops-nix": {
      "inputs": {
        "nixpkgs": [
          "nixpkgs"
        ]
      },
      "locked": {
        "lastModified": 1783174389,
        "narHash": "sha256-aCWC8ngycU7OdJrU2+Je3qf+1a2ykuBvpPhZT/9tXMc=",
        "owner": "Mic92",
        "repo": "sops-nix",
        "rev": "f1406619a3884cd5c47992a70b8b35c9c0fcb4c9",
        "type": "github"
      },
      "original": {
        "owner": "Mic92",
        "repo": "sops-nix",
        "type": "github"
      }
    },
    "stylix": {
      "inputs": {
        "base16": "base16",
        "base16-fish": "base16-fish",
        "base16-helix": "base16-helix",
        "base16-vim": "base16-vim",
        "firefox-gnome-theme": "firefox-gnome-theme",
        "flake-parts": [
          "flake-parts"
        ],
        "gnome-shell": "gnome-shell",
        "nixpkgs": [
          "nixpkgs"
        ],
        "nur": "nur",
        "systems": "systems",
        "tinted-kitty": "tinted-kitty",
        "tinted-schemes": "tinted-schemes",
        "tinted-tmux": "tinted-tmux",
        "tinted-zed": "tinted-zed"
      },
      "locked": {
        "lastModified": 1784059683,
        "narHash": "sha256-q5MZrmKlg9A4ORx3EQcr7qkuidMU1gVZ+xJ3nCK+xgc=",
        "owner": "nix-community",
        "repo": "stylix",
        "rev": "c8ccc31f3ea29dc3eb5b54945e5eb549529491d6",
        "type": "github"
      },
      "original": {
        "owner": "nix-community",
        "repo": "stylix",
        "type": "github"
      }
    },
    "systems": {
      "locked": {
        "lastModified": 1681028828,
        "narHash": "sha256-Vy1rq5AaRuLzOxct8nz4T6wlgyUR7zLU309k9mBC768=",
        "owner": "nix-systems",
        "repo": "default",
        "rev": "da67096a3b9bf56a91d16901293e51ba5b49a27e",
        "type": "github"
      },
      "original": {
        "owner": "nix-systems",
        "repo": "default",
        "type": "github"
      }
    },
    "systems_2": {
      "locked": {
        "lastModified": 1681028828,
        "narHash": "sha256-Vy1rq5AaRuLzOxct8nz4T6wlgyUR7zLU309k9mBC768=",
        "owner": "nix-systems",
        "repo": "default",
        "rev": "da67096a3b9bf56a91d16901293e51ba5b49a27e",
        "type": "github"
      },
      "original": {
        "owner": "nix-systems",
        "repo": "default",
        "type": "github"
      }
    },
    "tinted-kitty": {
      "flake": false,
      "locked": {
        "lastModified": 1735730497,
        "narHash": "sha256-4KtB+FiUzIeK/4aHCKce3V9HwRvYaxX+F1edUrfgzb8=",
        "owner": "tinted-theming",
        "repo": "tinted-kitty",
        "rev": "de6f888497f2c6b2279361bfc790f164bfd0f3fa",
        "type": "github"
      },
      "original": {
        "owner": "tinted-theming",
        "repo": "tinted-kitty",
        "type": "github"
      }
    },
    "tinted-schemes": {
      "flake": false,
      "locked": {
        "lastModified": 1777806186,
        "narHash": "sha256-PDF0/wObw4nIsSBeXVYLsloXOiphXCgIdsrNcVXguKs=",
        "owner": "tinted-theming",
        "repo": "schemes",
        "rev": "0c94645546f4f3ddac77a1a5fce54eb95bf50795",
        "type": "github"
      },
      "original": {
        "owner": "tinted-theming",
        "repo": "schemes",
        "type": "github"
      }
    },
    "tinted-tmux": {
      "flake": false,
      "locked": {
        "lastModified": 1778379944,
        "narHash": "sha256-wPDFzMGSlARlw0Sfsn48Q2+jPSfk6N0Ng6BC/d+7Q24=",
        "owner": "tinted-theming",
        "repo": "tinted-tmux",
        "rev": "fe0203a198690e71a5ff11e08812a4673de3678d",
        "type": "github"
      },
      "original": {
        "owner": "tinted-theming",
        "repo": "tinted-tmux",
        "type": "github"
      }
    },
    "tinted-zed": {
      "flake": false,
      "locked": {
        "lastModified": 1778378178,
        "narHash": "sha256-OXPXRIQgGwV77HjYRryOHguh4ALX96jkg+tseLkGgHA=",
        "owner": "tinted-theming",
        "repo": "base16-zed",
        "rev": "9cd816033ff969415b190722cddf134e78a5665f",
        "type": "github"
      },
      "original": {
        "owner": "tinted-theming",
        "repo": "base16-zed",
        "type": "github"
      }
    },
    "treefmt-nix": {
      "inputs": {
        "nixpkgs": [
          "garuda",
          "nixpkgs"
        ]
      },
      "locked": {
        "lastModified": 1784369104,
        "narHash": "sha256-47cxbcZODibHv3rELFQ9vZly0vUNkND/atn/U7HLeb0=",
        "owner": "numtide",
        "repo": "treefmt-nix",
        "rev": "df3c0640565d04a0261253cdd89fce78ec50168a",
        "type": "github"
      },
      "original": {
        "owner": "numtide",
        "repo": "treefmt-nix",
        "type": "github"
      }
    },
    "treefmt-nix_2": {
      "inputs": {
        "nixpkgs": [
          "nixos-anywhere",
          "nixpkgs"
        ]
      },
      "locked": {
        "lastModified": 1780220602,
        "narHash": "sha256-eynAfOmbmxJnkp7YewvCEbShNnnYJ9gLLqkzsYtBPeM=",
        "owner": "numtide",
        "repo": "treefmt-nix",
        "rev": "db947814a175b7ca6ded66e21383d938df01c227",
        "type": "github"
      },
      "original": {
        "owner": "numtide",
        "repo": "treefmt-nix",
        "type": "github"
      }
    },
    "twintail-launcher": {
      "inputs": {
        "crane": "crane",
        "flake-utils": "flake-utils",
        "nixpkgs": [
          "nixpkgs"
        ],
        "rust-overlay": "rust-overlay",
        "twintail-launcher-src": "twintail-launcher-src"
      },
      "locked": {
        "lastModified": 1772680210,
        "narHash": "sha256-flodCtU3XN2Ag7iO3Ac97gL2FgZj1hXYSSHIpwgsOrc=",
        "owner": "Tw1ZZLER",
        "repo": "twintail-launcher-flake",
        "rev": "9c8a16b53a3be2b4b69166e69502d26cbe6573e0",
        "type": "github"
      },
      "original": {
        "owner": "Tw1ZZLER",
        "repo": "twintail-launcher-flake",
        "type": "github"
      }
    },
    "twintail-launcher-src": {
      "flake": false,
      "locked": {
        "lastModified": 1770754523,
        "narHash": "sha256-P3nHw5ydJ0/7bh/AK7fA4CWUxGepX5zwsEzn1YN+1CI=",
        "owner": "TwintailTeam",
        "repo": "TwintailLauncher",
        "rev": "2756910e46fa08b36db792049cb66be7326d7e68",
        "type": "github"
      },
      "original": {
        "owner": "TwintailTeam",
        "ref": "stable",
        "repo": "TwintailLauncher",
        "type": "github"
      }
    },
    "vimridian": {
      "inputs": {
        "mnw": "mnw",
        "nixpkgs": [
          "nixpkgs"
        ]
      },
      "locked": {
        "lastModified": 1784444650,
        "narHash": "sha256-FaFmlAC7arPeszutVa+0A2rLlO0ji7yxYF6m6NUqn1E=",
        "owner": "tw1zzler",
        "repo": "vimridian",
        "rev": "e0ec9b401fe446ab13ad7cc9f4078f0ab0e35c83",
        "type": "github"
      },
      "original": {
        "owner": "tw1zzler",
        "repo": "vimridian",
        "type": "github"
      }
    },
    "waveforms": {
      "inputs": {
        "nixpkgs": [
          "nixpkgs"
        ]
      },
      "locked": {
        "lastModified": 1758300408,
        "narHash": "sha256-45mLX8vKgMg05dHPMdnDW90qUzfDXPtQB3mpLZX2MKU=",
        "owner": "DragonHuntrX",
        "repo": "waveforms-flake-local",
        "rev": "a2a138e2d016257dc79f7116204a1594624854b4",
        "type": "github"
      },
      "original": {
        "owner": "DragonHuntrX",
        "repo": "waveforms-flake-local",
        "type": "github"
      }
    },
    "zen-browser": {
      "inputs": {
        "home-manager": [
          "home-manager"
        ],
        "nixpkgs": [
          "nixpkgs"
        ]
      },
      "locked": {
        "lastModified": 1784352415,
        "narHash": "sha256-sHuh1KQopmLPWouFBYwZ5PVWj19Y4mKAjkQeQHCT3E0=",
        "owner": "0xc000022070",
        "repo": "zen-browser-flake",
        "rev": "7202b917826e2e335d9935c3a943ae18681056b1",
        "type": "github"
      },
      "original": {
        "owner": "0xc000022070",
        "repo": "zen-browser-flake",
        "type": "github"
      }
    }
  },
  "root": "root",
  "version": 7
}
